
Microsoft Visual Studio Solution File, Format Version 12.00
# Visual Studio Version 17
VisualStudioVersion = 17.14.36511.14
MinimumVisualStudioVersion = 10.0.40219.1
Project("{FAE04EC0-301F-11D3-BF4B-00C04F79EFBC}") = "Healthcare.InventoryManagement.Application", "Healthcare.InventoryManagement.Application\Healthcare.InventoryManagement.Application.csproj", "{AE3B20A5-B3C2-4226-9E03-3D128EC2ACF0}"
EndProject
Project("{FAE04EC0-301F-11D3-BF4B-00C04F79EFBC}") = "Healthcare.InventoryManagement.Domain", "Healthcare.InventoryManagement.Domain\Healthcare.InventoryManagement.Domain.csproj", "{220205F0-8DA2-4FF8-BB5C-A39E7294F260}"
EndProject
Project("{FAE04EC0-301F-11D3-BF4B-00C04F79EFBC}") = "Healthcare.InventoryManagement.Infrastructure", "Healthcare.InventoryManagement.Infrastructure\Healthcare.InventoryManagement.Infrastructure.csproj", "{84EA05C5-602B-4F49-8630-44D156F0A049}"
EndProject
Project("{FAE04EC0-301F-11D3-BF4B-00C04F79EFBC}") = "Healthcare.InventoryManagement.API", "Healthcare.InventoryManagement.API\Healthcare.InventoryManagement.API.csproj", "{6F82EFAB-A8FA-42C3-8A4F-72201C909373}"
EndProject
Global
	GlobalSection(SolutionConfigurationPlatforms) = preSolution
		Debug|Any CPU = Debug|Any CPU
		Release|Any CPU = Release|Any CPU
	EndGlobalSection
	GlobalSection(ProjectConfigurationPlatforms) = postSolution
		{AE3B20A5-B3C2-4226-9E03-3D128EC2ACF0}.Debug|Any CPU.ActiveCfg = Debug|Any CPU
		{AE3B20A5-B3C2-4226-9E03-3D128EC2ACF0}.Debug|Any CPU.Build.0 = Debug|Any CPU
		{AE3B20A5-B3C2-4226-9E03-3D128EC2ACF0}.Release|Any CPU.ActiveCfg = Release|Any CPU
		{AE3B20A5-B3C2-4226-9E03-3D128EC2ACF0}.Release|Any CPU.Build.0 = Release|Any CPU
		{220205F0-8DA2-4FF8-BB5C-A39E7294F260}.Debug|Any CPU.ActiveCfg = Debug|Any CPU
		{220205F0-8DA2-4FF8-BB5C-A39E7294F260}.Debug|Any CPU.Build.0 = Debug|Any CPU
		{220205F0-8DA2-4FF8-BB5C-A39E7294F260}.Release|Any CPU.ActiveCfg = Release|Any CPU
		{220205F0-8DA2-4FF8-BB5C-A39E7294F260}.Release|Any CPU.Build.0 = Release|Any CPU
		{84EA05C5-602B-4F49-8630-44D156F0A049}.Debug|Any CPU.ActiveCfg = Debug|Any CPU
		{84EA05C5-602B-4F49-8630-44D156F0A049}.Debug|Any CPU.Build.0 = Debug|Any CPU
		{84EA05C5-602B-4F49-8630-44D156F0A049}.Release|Any CPU.ActiveCfg = Release|Any CPU
		{84EA05C5-602B-4F49-8630-44D156F0A049}.Release|Any CPU.Build.0 = Release|Any CPU
		{6F82EFAB-A8FA-42C3-8A4F-72201C909373}.Debug|Any CPU.ActiveCfg = Debug|Any CPU
		{6F82EFAB-A8FA-42C3-8A4F-72201C909373}.Debug|Any CPU.Build.0 = Debug|Any CPU
		{6F82EFAB-A8FA-42C3-8A4F-72201C909373}.Release|Any CPU.ActiveCfg = Release|Any CPU
		{6F82EFAB-A8FA-42C3-8A4F-72201C909373}.Release|Any CPU.Build.0 = Release|Any CPU
	EndGlobalSection
	GlobalSection(SolutionProperties) = preSolution
		HideSolutionNode = FALSE
	EndGlobalSection
	GlobalSection(ExtensibilityGlobals) = postSolution
		SolutionGuid = {19780854-A271-42F6-9F85-1892782F54C5}
	EndGlobalSection
EndGlobal
